
Microsoft Visual Studio Solution File, Format Version 12.00
# Visual Studio Version 17
VisualStudioVersion = 17.6.33712.159
MinimumVisualStudioVersion = 10.0.40219.1
Project("{FAE04EC0-301F-11D3-BF4B-00C04F79EFBC}") = "MainWindow", "..\MainWindow\MainWindow.csproj", "{74112287-FCFE-41E4-9FC2-DEB6325CDF98}"
EndProject
Project("{2150E333-8FDC-42A3-9474-1A3956D46DE8}") = "Option1", "Option1", "{CF9B4CF4-F23A-481F-BBFC-ADB460DF2845}"
EndProject
Project("{9A19103F-16F7-4668-BE54-9A1E7A4F7556}") = "botKMT", "..\CloneOfTeacherCop\botKMT\botKMT.csproj", "{917E1650-3D39-4D60-9DA2-15CFF8CBFA58}"
EndProject
Global
	GlobalSection(SolutionConfigurationPlatforms) = preSolution
		Debug|Any CPU = Debug|Any CPU
		Release|Any CPU = Release|Any CPU
	EndGlobalSection
	GlobalSection(ProjectConfigurationPlatforms) = postSolution
		{74112287-FCFE-41E4-9FC2-DEB6325CDF98}.Debug|Any CPU.ActiveCfg = Debug|Any CPU
		{74112287-FCFE-41E4-9FC2-DEB6325CDF98}.Debug|Any CPU.Build.0 = Debug|Any CPU
		{74112287-FCFE-41E4-9FC2-DEB6325CDF98}.Release|Any CPU.ActiveCfg = Release|Any CPU
		{74112287-FCFE-41E4-9FC2-DEB6325CDF98}.Release|Any CPU.Build.0 = Release|Any CPU
		{917E1650-3D39-4D60-9DA2-15CFF8CBFA58}.Debug|Any CPU.ActiveCfg = Debug|Any CPU
		{917E1650-3D39-4D60-9DA2-15CFF8CBFA58}.Debug|Any CPU.Build.0 = Debug|Any CPU
		{917E1650-3D39-4D60-9DA2-15CFF8CBFA58}.Release|Any CPU.ActiveCfg = Release|Any CPU
		{917E1650-3D39-4D60-9DA2-15CFF8CBFA58}.Release|Any CPU.Build.0 = Release|Any CPU
	EndGlobalSection
	GlobalSection(SolutionProperties) = preSolution
		HideSolutionNode = FALSE
	EndGlobalSection
	GlobalSection(NestedProjects) = preSolution
		{74112287-FCFE-41E4-9FC2-DEB6325CDF98} = {CF9B4CF4-F23A-481F-BBFC-ADB460DF2845}
		{917E1650-3D39-4D60-9DA2-15CFF8CBFA58} = {CF9B4CF4-F23A-481F-BBFC-ADB460DF2845}
	EndGlobalSection
	GlobalSection(ExtensibilityGlobals) = postSolution
		SolutionGuid = {7895F3E4-E3F5-46FC-8E86-DD90FB637A28}
	EndGlobalSection
EndGlobal
